
Microsoft Visual Studio Solution File, Format Version 12.00
# Visual Studio Version 17
VisualStudioVersion = 17.9.34622.214
MinimumVisualStudioVersion = 10.0.40219.1
Project("{9A19103F-16F7-4668-BE54-9A1E7A4F7556}") = "EFCore_Activity1101", "EFCore_Activity1101\EFCore_Activity1101.csproj", "{F91F4E76-DE17-4D96-8450-B92FFEE9D6A7}"
EndProject
Project("{9A19103F-16F7-4668-BE54-9A1E7A4F7556}") = "EFCore_DBLibrary", "EFCore_DBLibrary\EFCore_DBLibrary.csproj", "{63F45C05-FDFF-46FF-88B9-537EC04E1B83}"
EndProject
Project("{9A19103F-16F7-4668-BE54-9A1E7A4F7556}") = "InventoryDataMigrator", "InventoryDataMigrator\InventoryDataMigrator.csproj", "{FABBEE85-CC4B-4866-9B5D-94B595459D36}"
EndProject
Project("{9A19103F-16F7-4668-BE54-9A1E7A4F7556}") = "InventoryHelpers", "InventoryHelpers\InventoryHelpers.csproj", "{E337057F-96F2-49AE-9E74-D93146639179}"
EndProject
Project("{9A19103F-16F7-4668-BE54-9A1E7A4F7556}") = "InventoryModels", "InventoryModels\InventoryModels.csproj", "{E723B514-BDFA-4885-868D-E055669DB314}"
EndProject
Project("{9A19103F-16F7-4668-BE54-9A1E7A4F7556}") = "InventoryBusinessLayer", "InventoryBusinessLayer\InventoryBusinessLayer.csproj", "{973ACCDB-1E4F-43CF-96F1-01271E457525}"
EndProject
Project("{9A19103F-16F7-4668-BE54-9A1E7A4F7556}") = "InventoryDatabaseLayer", "InventoryDatabaseLayer\InventoryDatabaseLayer.csproj", "{895E6E68-2DE0-4232-B802-0FFFCF374E0D}"
EndProject
Project("{9A19103F-16F7-4668-BE54-9A1E7A4F7556}") = "EFCore_GUI", "EFCore_GUI\EFCore_GUI.csproj", "{AD95A66E-D748-4B16-ADA0-012B024B7968}"
EndProject
Project("{9A19103F-16F7-4668-BE54-9A1E7A4F7556}") = "InventoryManagerUnitTests", "InventoryManagerUnitTests\InventoryManagerUnitTests.csproj", "{E7E186A1-2164-455C-9D4E-62C86EAF6323}"
EndProject
Project("{FAE04EC0-301F-11D3-BF4B-00C04F79EFBC}") = "InventoryManagerIntegrationTests", "InventoryManagerIntegrationTests\InventoryManagerIntegrationTests.csproj", "{7D1FF6F6-13CD-42F9-9A75-86E46A86DC99}"
EndProject
Global
	GlobalSection(SolutionConfigurationPlatforms) = preSolution
		Debug|Any CPU = Debug|Any CPU
		Release|Any CPU = Release|Any CPU
	EndGlobalSection
	GlobalSection(ProjectConfigurationPlatforms) = postSolution
		{F91F4E76-DE17-4D96-8450-B92FFEE9D6A7}.Debug|Any CPU.ActiveCfg = Debug|Any CPU
		{F91F4E76-DE17-4D96-8450-B92FFEE9D6A7}.Debug|Any CPU.Build.0 = Debug|Any CPU
		{F91F4E76-DE17-4D96-8450-B92FFEE9D6A7}.Release|Any CPU.ActiveCfg = Release|Any CPU
		{F91F4E76-DE17-4D96-8450-B92FFEE9D6A7}.Release|Any CPU.Build.0 = Release|Any CPU
		{63F45C05-FDFF-46FF-88B9-537EC04E1B83}.Debug|Any CPU.ActiveCfg = Debug|Any CPU
		{63F45C05-FDFF-46FF-88B9-537EC04E1B83}.Debug|Any CPU.Build.0 = Debug|Any CPU
		{63F45C05-FDFF-46FF-88B9-537EC04E1B83}.Release|Any CPU.ActiveCfg = Release|Any CPU
		{63F45C05-FDFF-46FF-88B9-537EC04E1B83}.Release|Any CPU.Build.0 = Release|Any CPU
		{FABBEE85-CC4B-4866-9B5D-94B595459D36}.Debug|Any CPU.ActiveCfg = Debug|Any CPU
		{FABBEE85-CC4B-4866-9B5D-94B595459D36}.Debug|Any CPU.Build.0 = Debug|Any CPU
		{FABBEE85-CC4B-4866-9B5D-94B595459D36}.Release|Any CPU.ActiveCfg = Release|Any CPU
		{FABBEE85-CC4B-4866-9B5D-94B595459D36}.Release|Any CPU.Build.0 = Release|Any CPU
		{E337057F-96F2-49AE-9E74-D93146639179}.Debug|Any CPU.ActiveCfg = Debug|Any CPU
		{E337057F-96F2-49AE-9E74-D93146639179}.Debug|Any CPU.Build.0 = Debug|Any CPU
		{E337057F-96F2-49AE-9E74-D93146639179}.Release|Any CPU.ActiveCfg = Release|Any CPU
		{E337057F-96F2-49AE-9E74-D93146639179}.Release|Any CPU.Build.0 = Release|Any CPU
		{E723B514-BDFA-4885-868D-E055669DB314}.Debug|Any CPU.ActiveCfg = Debug|Any CPU
		{E723B514-BDFA-4885-868D-E055669DB314}.Debug|Any CPU.Build.0 = Debug|Any CPU
		{E723B514-BDFA-4885-868D-E055669DB314}.Release|Any CPU.ActiveCfg = Release|Any CPU
		{E723B514-BDFA-4885-868D-E055669DB314}.Release|Any CPU.Build.0 = Release|Any CPU
		{973ACCDB-1E4F-43CF-96F1-01271E457525}.Debug|Any CPU.ActiveCfg = Debug|Any CPU
		{973ACCDB-1E4F-43CF-96F1-01271E457525}.Debug|Any CPU.Build.0 = Debug|Any CPU
		{973ACCDB-1E4F-43CF-96F1-01271E457525}.Release|Any CPU.ActiveCfg = Release|Any CPU
		{973ACCDB-1E4F-43CF-96F1-01271E457525}.Release|Any CPU.Build.0 = Release|Any CPU
		{895E6E68-2DE0-4232-B802-0FFFCF374E0D}.Debug|Any CPU.ActiveCfg = Debug|Any CPU
		{895E6E68-2DE0-4232-B802-0FFFCF374E0D}.Debug|Any CPU.Build.0 = Debug|Any CPU
		{895E6E68-2DE0-4232-B802-0FFFCF374E0D}.Release|Any CPU.ActiveCfg = Release|Any CPU
		{895E6E68-2DE0-4232-B802-0FFFCF374E0D}.Release|Any CPU.Build.0 = Release|Any CPU
		{AD95A66E-D748-4B16-ADA0-012B024B7968}.Debug|Any CPU.ActiveCfg = Debug|Any CPU
		{AD95A66E-D748-4B16-ADA0-012B024B7968}.Debug|Any CPU.Build.0 = Debug|Any CPU
		{AD95A66E-D748-4B16-ADA0-012B024B7968}.Release|Any CPU.ActiveCfg = Release|Any CPU
		{AD95A66E-D748-4B16-ADA0-012B024B7968}.Release|Any CPU.Build.0 = Release|Any CPU
		{E7E186A1-2164-455C-9D4E-62C86EAF6323}.Debug|Any CPU.ActiveCfg = Debug|Any CPU
		{E7E186A1-2164-455C-9D4E-62C86EAF6323}.Debug|Any CPU.Build.0 = Debug|Any CPU
		{E7E186A1-2164-455C-9D4E-62C86EAF6323}.Release|Any CPU.ActiveCfg = Release|Any CPU
		{E7E186A1-2164-455C-9D4E-62C86EAF6323}.Release|Any CPU.Build.0 = Release|Any CPU
		{7D1FF6F6-13CD-42F9-9A75-86E46A86DC99}.Debug|Any CPU.ActiveCfg = Debug|Any CPU
		{7D1FF6F6-13CD-42F9-9A75-86E46A86DC99}.Debug|Any CPU.Build.0 = Debug|Any CPU
		{7D1FF6F6-13CD-42F9-9A75-86E46A86DC99}.Release|Any CPU.ActiveCfg = Release|Any CPU
		{7D1FF6F6-13CD-42F9-9A75-86E46A86DC99}.Release|Any CPU.Build.0 = Release|Any CPU
	EndGlobalSection
	GlobalSection(SolutionProperties) = preSolution
		HideSolutionNode = FALSE
	EndGlobalSection
	GlobalSection(ExtensibilityGlobals) = postSolution
		SolutionGuid = {8814F163-66FD-4963-9AB0-7B9B0403E5DB}
	EndGlobalSection
EndGlobal
